
Microsoft Visual Studio Solution File, Format Version 12.00
Project("{2150E333-8FDC-42A3-9474-1A3956D46DE8}") = "src", "src", "{995954F9-46E2-46EC-A89E-D73ABC6C3EC3}"
EndProject
Project("{2150E333-8FDC-42A3-9474-1A3956D46DE8}") = "Building Blocks", "Building Blocks", "{8C6137DB-6C3C-4A48-B5F9-F7B7186E6B29}"
EndProject
Project("{2150E333-8FDC-42A3-9474-1A3956D46DE8}") = "Services", "Services", "{466151E6-6E2C-40B9-A2DF-5DCDF961DF8A}"
EndProject
Project("{2150E333-8FDC-42A3-9474-1A3956D46DE8}") = "Web", "Web", "{4E9DDAB6-368B-4F36-85D1-490E85772029}"
EndProject
Project("{2150E333-8FDC-42A3-9474-1A3956D46DE8}") = "Identidade", "Identidade", "{A0727305-EFBC-4051-B6B4-ADD912E6C161}"
EndProject
Project("{FAE04EC0-301F-11D3-BF4B-00C04F79EFBC}") = "NSE.Identidade.API", "src\services\NSE.Identidade.API\NSE.Identidade.API.csproj", "{6F111B29-20DA-4C6A-A1C6-A88B22A90B53}"
EndProject
Project("{2150E333-8FDC-42A3-9474-1A3956D46DE8}") = "MVC", "MVC", "{22FE6A96-0FA0-4B57-B8B8-58661EB67DDD}"
EndProject
Project("{FAE04EC0-301F-11D3-BF4B-00C04F79EFBC}") = "NSE.WebApp.MVC", "src\web\NSE.WebApp.MVC\NSE.WebApp.MVC.csproj", "{F94AD24E-BFD5-4A8B-982D-8C7CB626E7C9}"
EndProject
Project("{2150E333-8FDC-42A3-9474-1A3956D46DE8}") = "Core", "Core", "{0CA6C827-AA1A-49C8-9206-78D1BF1FB16F}"
EndProject
Project("{FAE04EC0-301F-11D3-BF4B-00C04F79EFBC}") = "NSE.Core", "src\building blocks\NSE.Core\NSE.Core.csproj", "{9406D45E-1960-4A2D-B9DF-D14D5E2F1E91}"
EndProject
Project("{2150E333-8FDC-42A3-9474-1A3956D46DE8}") = "Carrinho", "Carrinho", "{6BE80538-FAF8-4301-BBFF-0AB266FD052A}"
EndProject
Project("{2150E333-8FDC-42A3-9474-1A3956D46DE8}") = "Catalogo", "Catalogo", "{B83C79C7-3C02-4E08-975D-6FF12C558A61}"
EndProject
Project("{2150E333-8FDC-42A3-9474-1A3956D46DE8}") = "Cliente", "Cliente", "{17A65159-13A0-466E-B10F-00DA7A5F5240}"
EndProject
Project("{2150E333-8FDC-42A3-9474-1A3956D46DE8}") = "Pagamento", "Pagamento", "{8D712F70-4FFE-4C39-B5F6-EC42226232FC}"
EndProject
Project("{2150E333-8FDC-42A3-9474-1A3956D46DE8}") = "Pedido", "Pedido", "{104B4A95-5902-4CE6-8B9C-0FCE735B3C34}"
EndProject
Project("{FAE04EC0-301F-11D3-BF4B-00C04F79EFBC}") = "NSE.Carrinho.API", "src\services\NSE.Carrinho.API\NSE.Carrinho.API.csproj", "{0F512BFF-5EDE-41D0-B43D-FB7A9C100936}"
EndProject
Project("{FAE04EC0-301F-11D3-BF4B-00C04F79EFBC}") = "NSE.Catalogo.API", "src\services\NSE.Catalogo.API\NSE.Catalogo.API.csproj", "{0004A430-1565-441D-9CB8-DD3CA75AC209}"
EndProject
Project("{FAE04EC0-301F-11D3-BF4B-00C04F79EFBC}") = "NSE.Cliente.API", "src\services\NSE.Cliente.API\NSE.Cliente.API.csproj", "{F20E919D-2F2F-417B-BB33-4D7F19CD866A}"
EndProject
Project("{FAE04EC0-301F-11D3-BF4B-00C04F79EFBC}") = "NSE.Pagamento.API", "src\services\NSE.Pagamento.API\NSE.Pagamento.API.csproj", "{8C760226-3D4C-47CF-A7D4-3CD2D863B3A6}"
EndProject
Project("{FAE04EC0-301F-11D3-BF4B-00C04F79EFBC}") = "NSE.Pedido.API", "src\services\NSE.Pedido.API\NSE.Pedido.API.csproj", "{1F8D368C-76C2-4BEF-BC29-F37BD54C7188}"
EndProject
Project("{2150E333-8FDC-42A3-9474-1A3956D46DE8}") = "Services", "Services", "{C767345E-802D-45A7-B15C-9B44F99305EA}"
EndProject
Project("{FAE04EC0-301F-11D3-BF4B-00C04F79EFBC}") = "NSE.WebAPI.Core", "src\building blocks\NSE.WebAPI.Core\NSE.WebAPI.Core.csproj", "{4F26F0D7-A4C5-4348-9477-F2DAADD4EE87}"
EndProject
Project("{2150E333-8FDC-42A3-9474-1A3956D46DE8}") = "Host", "Host", "{71A90C37-1EEE-4718-BCD6-E974AD50AD1E}"
EndProject
Project("{FAE04EC0-301F-11D3-BF4B-00C04F79EFBC}") = "NSE.AspireApp.AppHost", "src\host\NSE.AspireApp\NSE.AspireApp.AppHost\NSE.AspireApp.AppHost.csproj", "{DA5C40CC-44D7-46D9-BF08-FA97AC0CF7B5}"
EndProject
Project("{FAE04EC0-301F-11D3-BF4B-00C04F79EFBC}") = "NSE.AspireApp.ServiceDefaults", "src\host\NSE.AspireApp\NSE.AspireApp.ServiceDefaults\NSE.AspireApp.ServiceDefaults.csproj", "{FD1B26FA-1B50-49F0-893D-4E6FAB9CEDE5}"
EndProject
Global
	GlobalSection(SolutionConfigurationPlatforms) = preSolution
		Debug|Any CPU = Debug|Any CPU
		Release|Any CPU = Release|Any CPU
	EndGlobalSection
	GlobalSection(NestedProjects) = preSolution
		{8C6137DB-6C3C-4A48-B5F9-F7B7186E6B29} = {995954F9-46E2-46EC-A89E-D73ABC6C3EC3}
		{466151E6-6E2C-40B9-A2DF-5DCDF961DF8A} = {995954F9-46E2-46EC-A89E-D73ABC6C3EC3}
		{4E9DDAB6-368B-4F36-85D1-490E85772029} = {995954F9-46E2-46EC-A89E-D73ABC6C3EC3}
		{A0727305-EFBC-4051-B6B4-ADD912E6C161} = {466151E6-6E2C-40B9-A2DF-5DCDF961DF8A}
		{6F111B29-20DA-4C6A-A1C6-A88B22A90B53} = {A0727305-EFBC-4051-B6B4-ADD912E6C161}
		{22FE6A96-0FA0-4B57-B8B8-58661EB67DDD} = {4E9DDAB6-368B-4F36-85D1-490E85772029}
		{F94AD24E-BFD5-4A8B-982D-8C7CB626E7C9} = {22FE6A96-0FA0-4B57-B8B8-58661EB67DDD}
		{0CA6C827-AA1A-49C8-9206-78D1BF1FB16F} = {8C6137DB-6C3C-4A48-B5F9-F7B7186E6B29}
		{9406D45E-1960-4A2D-B9DF-D14D5E2F1E91} = {0CA6C827-AA1A-49C8-9206-78D1BF1FB16F}
		{6BE80538-FAF8-4301-BBFF-0AB266FD052A} = {466151E6-6E2C-40B9-A2DF-5DCDF961DF8A}
		{B83C79C7-3C02-4E08-975D-6FF12C558A61} = {466151E6-6E2C-40B9-A2DF-5DCDF961DF8A}
		{17A65159-13A0-466E-B10F-00DA7A5F5240} = {466151E6-6E2C-40B9-A2DF-5DCDF961DF8A}
		{8D712F70-4FFE-4C39-B5F6-EC42226232FC} = {466151E6-6E2C-40B9-A2DF-5DCDF961DF8A}
		{104B4A95-5902-4CE6-8B9C-0FCE735B3C34} = {466151E6-6E2C-40B9-A2DF-5DCDF961DF8A}
		{0F512BFF-5EDE-41D0-B43D-FB7A9C100936} = {6BE80538-FAF8-4301-BBFF-0AB266FD052A}
		{0004A430-1565-441D-9CB8-DD3CA75AC209} = {B83C79C7-3C02-4E08-975D-6FF12C558A61}
		{F20E919D-2F2F-417B-BB33-4D7F19CD866A} = {17A65159-13A0-466E-B10F-00DA7A5F5240}
		{8C760226-3D4C-47CF-A7D4-3CD2D863B3A6} = {8D712F70-4FFE-4C39-B5F6-EC42226232FC}
		{1F8D368C-76C2-4BEF-BC29-F37BD54C7188} = {104B4A95-5902-4CE6-8B9C-0FCE735B3C34}
		{C767345E-802D-45A7-B15C-9B44F99305EA} = {8C6137DB-6C3C-4A48-B5F9-F7B7186E6B29}
		{4F26F0D7-A4C5-4348-9477-F2DAADD4EE87} = {C767345E-802D-45A7-B15C-9B44F99305EA}
		{71A90C37-1EEE-4718-BCD6-E974AD50AD1E} = {995954F9-46E2-46EC-A89E-D73ABC6C3EC3}
		{DA5C40CC-44D7-46D9-BF08-FA97AC0CF7B5} = {71A90C37-1EEE-4718-BCD6-E974AD50AD1E}
		{FD1B26FA-1B50-49F0-893D-4E6FAB9CEDE5} = {71A90C37-1EEE-4718-BCD6-E974AD50AD1E}
	EndGlobalSection
	GlobalSection(ProjectConfigurationPlatforms) = postSolution
		{6F111B29-20DA-4C6A-A1C6-A88B22A90B53}.Debug|Any CPU.ActiveCfg = Debug|Any CPU
		{6F111B29-20DA-4C6A-A1C6-A88B22A90B53}.Debug|Any CPU.Build.0 = Debug|Any CPU
		{6F111B29-20DA-4C6A-A1C6-A88B22A90B53}.Release|Any CPU.ActiveCfg = Release|Any CPU
		{6F111B29-20DA-4C6A-A1C6-A88B22A90B53}.Release|Any CPU.Build.0 = Release|Any CPU
		{F94AD24E-BFD5-4A8B-982D-8C7CB626E7C9}.Debug|Any CPU.ActiveCfg = Debug|Any CPU
		{F94AD24E-BFD5-4A8B-982D-8C7CB626E7C9}.Debug|Any CPU.Build.0 = Debug|Any CPU
		{F94AD24E-BFD5-4A8B-982D-8C7CB626E7C9}.Release|Any CPU.ActiveCfg = Release|Any CPU
		{F94AD24E-BFD5-4A8B-982D-8C7CB626E7C9}.Release|Any CPU.Build.0 = Release|Any CPU
		{9406D45E-1960-4A2D-B9DF-D14D5E2F1E91}.Debug|Any CPU.ActiveCfg = Debug|Any CPU
		{9406D45E-1960-4A2D-B9DF-D14D5E2F1E91}.Debug|Any CPU.Build.0 = Debug|Any CPU
		{9406D45E-1960-4A2D-B9DF-D14D5E2F1E91}.Release|Any CPU.ActiveCfg = Release|Any CPU
		{9406D45E-1960-4A2D-B9DF-D14D5E2F1E91}.Release|Any CPU.Build.0 = Release|Any CPU
		{0F512BFF-5EDE-41D0-B43D-FB7A9C100936}.Debug|Any CPU.ActiveCfg = Debug|Any CPU
		{0F512BFF-5EDE-41D0-B43D-FB7A9C100936}.Debug|Any CPU.Build.0 = Debug|Any CPU
		{0F512BFF-5EDE-41D0-B43D-FB7A9C100936}.Release|Any CPU.ActiveCfg = Release|Any CPU
		{0F512BFF-5EDE-41D0-B43D-FB7A9C100936}.Release|Any CPU.Build.0 = Release|Any CPU
		{0004A430-1565-441D-9CB8-DD3CA75AC209}.Debug|Any CPU.ActiveCfg = Debug|Any CPU
		{0004A430-1565-441D-9CB8-DD3CA75AC209}.Debug|Any CPU.Build.0 = Debug|Any CPU
		{0004A430-1565-441D-9CB8-DD3CA75AC209}.Release|Any CPU.ActiveCfg = Release|Any CPU
		{0004A430-1565-441D-9CB8-DD3CA75AC209}.Release|Any CPU.Build.0 = Release|Any CPU
		{F20E919D-2F2F-417B-BB33-4D7F19CD866A}.Debug|Any CPU.ActiveCfg = Debug|Any CPU
		{F20E919D-2F2F-417B-BB33-4D7F19CD866A}.Debug|Any CPU.Build.0 = Debug|Any CPU
		{F20E919D-2F2F-417B-BB33-4D7F19CD866A}.Release|Any CPU.ActiveCfg = Release|Any CPU
		{F20E919D-2F2F-417B-BB33-4D7F19CD866A}.Release|Any CPU.Build.0 = Release|Any CPU
		{8C760226-3D4C-47CF-A7D4-3CD2D863B3A6}.Debug|Any CPU.ActiveCfg = Debug|Any CPU
		{8C760226-3D4C-47CF-A7D4-3CD2D863B3A6}.Debug|Any CPU.Build.0 = Debug|Any CPU
		{8C760226-3D4C-47CF-A7D4-3CD2D863B3A6}.Release|Any CPU.ActiveCfg = Release|Any CPU
		{8C760226-3D4C-47CF-A7D4-3CD2D863B3A6}.Release|Any CPU.Build.0 = Release|Any CPU
		{1F8D368C-76C2-4BEF-BC29-F37BD54C7188}.Debug|Any CPU.ActiveCfg = Debug|Any CPU
		{1F8D368C-76C2-4BEF-BC29-F37BD54C7188}.Debug|Any CPU.Build.0 = Debug|Any CPU
		{1F8D368C-76C2-4BEF-BC29-F37BD54C7188}.Release|Any CPU.ActiveCfg = Release|Any CPU
		{1F8D368C-76C2-4BEF-BC29-F37BD54C7188}.Release|Any CPU.Build.0 = Release|Any CPU
		{4F26F0D7-A4C5-4348-9477-F2DAADD4EE87}.Debug|Any CPU.ActiveCfg = Debug|Any CPU
		{4F26F0D7-A4C5-4348-9477-F2DAADD4EE87}.Debug|Any CPU.Build.0 = Debug|Any CPU
		{4F26F0D7-A4C5-4348-9477-F2DAADD4EE87}.Release|Any CPU.ActiveCfg = Release|Any CPU
		{4F26F0D7-A4C5-4348-9477-F2DAADD4EE87}.Release|Any CPU.Build.0 = Release|Any CPU
		{DA5C40CC-44D7-46D9-BF08-FA97AC0CF7B5}.Debug|Any CPU.ActiveCfg = Debug|Any CPU
		{DA5C40CC-44D7-46D9-BF08-FA97AC0CF7B5}.Debug|Any CPU.Build.0 = Debug|Any CPU
		{DA5C40CC-44D7-46D9-BF08-FA97AC0CF7B5}.Release|Any CPU.ActiveCfg = Release|Any CPU
		{DA5C40CC-44D7-46D9-BF08-FA97AC0CF7B5}.Release|Any CPU.Build.0 = Release|Any CPU
		{FD1B26FA-1B50-49F0-893D-4E6FAB9CEDE5}.Debug|Any CPU.ActiveCfg = Debug|Any CPU
		{FD1B26FA-1B50-49F0-893D-4E6FAB9CEDE5}.Debug|Any CPU.Build.0 = Debug|Any CPU
		{FD1B26FA-1B50-49F0-893D-4E6FAB9CEDE5}.Release|Any CPU.ActiveCfg = Release|Any CPU
		{FD1B26FA-1B50-49F0-893D-4E6FAB9CEDE5}.Release|Any CPU.Build.0 = Release|Any CPU
	EndGlobalSection
EndGlobal
